
Microsoft Visual Studio Solution File, Format Version 12.00
# Visual Studio 15
VisualStudioVersion = 15.0.28307.852
MinimumVisualStudioVersion = 10.0.40219.1
Project("{FAE04EC0-301F-11D3-BF4B-00C04F79EFBC}") = "BusinessManagementSoftware", "BusinessManagementSoftware\BusinessManagementSoftware.csproj", "{89D352C8-D92B-4CE5-B524-07E9F50F4335}"
EndProject
Global
	GlobalSection(SolutionConfigurationPlatforms) = preSolution
		Debug|Any CPU = Debug|Any CPU
		Release|Any CPU = Release|Any CPU
	EndGlobalSection
	GlobalSection(ProjectConfigurationPlatforms) = postSolution
		{89D352C8-D92B-4CE5-B524-07E9F50F4335}.Debug|Any CPU.ActiveCfg = Debug|Any CPU
		{89D352C8-D92B-4CE5-B524-07E9F50F4335}.Debug|Any CPU.Build.0 = Debug|Any CPU
		{89D352C8-D92B-4CE5-B524-07E9F50F4335}.Release|Any CPU.ActiveCfg = Release|Any CPU
		{89D352C8-D92B-4CE5-B524-07E9F50F4335}.Release|Any CPU.Build.0 = Release|Any CPU
	EndGlobalSection
	GlobalSection(SolutionProperties) = preSolution
		HideSolutionNode = FALSE
	EndGlobalSection
	GlobalSection(ExtensibilityGlobals) = postSolution
		SolutionGuid = {A6F10779-7433-4CC3-B330-B123F647CE5C}
	EndGlobalSection
EndGlobal
